
Microsoft Visual Studio Solution File, Format Version 12.00
# Visual Studio 15
VisualStudioVersion = 15.0.28307.757
MinimumVisualStudioVersion = 10.0.40219.1
Project("{FAE04EC0-301F-11D3-BF4B-00C04F79EFBC}") = "TriviaGame.Android", "TriviaGame\TriviaGame.Android\TriviaGame.Android.csproj", "{49911B55-E906-468F-921D-C78C8453446E}"
EndProject
Project("{FAE04EC0-301F-11D3-BF4B-00C04F79EFBC}") = "TriviaGame", "TriviaGame\TriviaGame\TriviaGame.csproj", "{D808233F-DF5B-49B8-AC1E-31865DD6B7C8}"
EndProject
Global
	GlobalSection(SolutionConfigurationPlatforms) = preSolution
		Debug|Any CPU = Debug|Any CPU
		Release|Any CPU = Release|Any CPU
	EndGlobalSection
	GlobalSection(ProjectConfigurationPlatforms) = postSolution
		{49911B55-E906-468F-921D-C78C8453446E}.Debug|Any CPU.ActiveCfg = Debug|Any CPU
		{49911B55-E906-468F-921D-C78C8453446E}.Debug|Any CPU.Build.0 = Debug|Any CPU
		{49911B55-E906-468F-921D-C78C8453446E}.Debug|Any CPU.Deploy.0 = Debug|Any CPU
		{49911B55-E906-468F-921D-C78C8453446E}.Release|Any CPU.ActiveCfg = Release|Any CPU
		{49911B55-E906-468F-921D-C78C8453446E}.Release|Any CPU.Build.0 = Release|Any CPU
		{49911B55-E906-468F-921D-C78C8453446E}.Release|Any CPU.Deploy.0 = Release|Any CPU
		{D808233F-DF5B-49B8-AC1E-31865DD6B7C8}.Debug|Any CPU.ActiveCfg = Debug|Any CPU
		{D808233F-DF5B-49B8-AC1E-31865DD6B7C8}.Debug|Any CPU.Build.0 = Debug|Any CPU
		{D808233F-DF5B-49B8-AC1E-31865DD6B7C8}.Debug|Any CPU.Deploy.0 = Debug|Any CPU
		{D808233F-DF5B-49B8-AC1E-31865DD6B7C8}.Release|Any CPU.ActiveCfg = Release|Any CPU
		{D808233F-DF5B-49B8-AC1E-31865DD6B7C8}.Release|Any CPU.Build.0 = Release|Any CPU
		{D808233F-DF5B-49B8-AC1E-31865DD6B7C8}.Release|Any CPU.Deploy.0 = Release|Any CPU
	EndGlobalSection
	GlobalSection(SolutionProperties) = preSolution
		HideSolutionNode = FALSE
	EndGlobalSection
	GlobalSection(ExtensibilityGlobals) = postSolution
		SolutionGuid = {C0F99AD6-DA5F-4301-A558-2B8D5E67E248}
	EndGlobalSection
EndGlobal
